// !$*UTF8*$!
{
	archiveVersion = 1;
	classes = {
	};
	objectVersion = 50;
	objects = {

/* Begin PBXBuildFile section */
		640BD47D264300CC00696245 /* UITextField+Validation.swift in Sources */ = {isa = PBXBuildFile; fileRef = 640BD47C264300CC00696245 /* UITextField+Validation.swift */; };
		64385BF12641AAD1000E50B2 /* RegexItem.swift in Sources */ = {isa = PBXBuildFile; fileRef = 64385BF02641AAD1000E50B2 /* RegexItem.swift */; };
		648F1AD8263FE640007A5737 /* AppDelegate.swift in Sources */ = {isa = PBXBuildFile; fileRef = 648F1AD7263FE640007A5737 /* AppDelegate.swift */; };
		648F1ADA263FE640007A5737 /* SceneDelegate.swift in Sources */ = {isa = PBXBuildFile; fileRef = 648F1AD9263FE640007A5737 /* SceneDelegate.swift */; };
		648F1ADC263FE640007A5737 /* ViewController.swift in Sources */ = {isa = PBXBuildFile; fileRef = 648F1ADB263FE640007A5737 /* ViewController.swift */; };
		648F1ADF263FE640007A5737 /* Main.storyboard in Resources */ = {isa = PBXBuildFile; fileRef = 648F1ADD263FE640007A5737 /* Main.storyboard */; };
		648F1AE1263FE641007A5737 /* Assets.xcassets in Resources */ = {isa = PBXBuildFile; fileRef = 648F1AE0263FE641007A5737 /* Assets.xcassets */; };
		648F1AE4263FE641007A5737 /* LaunchScreen.storyboard in Resources */ = {isa = PBXBuildFile; fileRef = 648F1AE2263FE641007A5737 /* LaunchScreen.storyboard */; };
		648F1AEE263FE82E007A5737 /* FormButtonCollectionViewCell.swift in Sources */ = {isa = PBXBuildFile; fileRef = 648F1AED263FE82E007A5737 /* FormButtonCollectionViewCell.swift */; };
		648F1AF1263FE86D007A5737 /* UITableViewCell+Identifier.swift in Sources */ = {isa = PBXBuildFile; fileRef = 648F1AF0263FE86D007A5737 /* UITableViewCell+Identifier.swift */; };
		648F1AF3263FE98B007A5737 /* UITableViewCell+ReuseCleanUp.swift in Sources */ = {isa = PBXBuildFile; fileRef = 648F1AF2263FE98B007A5737 /* UITableViewCell+ReuseCleanUp.swift */; };
		648F1AF5263FEBA3007A5737 /* FormTextCollectionViewCell.swift in Sources */ = {isa = PBXBuildFile; fileRef = 648F1AF4263FEBA3007A5737 /* FormTextCollectionViewCell.swift */; };
		648F1AF9263FF0EC007A5737 /* FormDateCollectionViewCell.swift in Sources */ = {isa = PBXBuildFile; fileRef = 648F1AF8263FF0EC007A5737 /* FormDateCollectionViewCell.swift */; };
		648F1AFC263FF564007A5737 /* FormModel.swift in Sources */ = {isa = PBXBuildFile; fileRef = 648F1AFB263FF564007A5737 /* FormModel.swift */; };
		648F1AFF263FFCE8007A5737 /* FormContentBuilder.swift in Sources */ = {isa = PBXBuildFile; fileRef = 648F1AFE263FFCE8007A5737 /* FormContentBuilder.swift */; };
		648F1B02264008B8007A5737 /* FormCompositionalLayout.swift in Sources */ = {isa = PBXBuildFile; fileRef = 648F1B01264008B8007A5737 /* FormCompositionalLayout.swift */; };
/* End PBXBuildFile section */

/* Begin PBXFileReference section */
		640BD47C264300CC00696245 /* UITextField+Validation.swift */ = {isa = PBXFileReference; lastKnownFileType = sourcecode.swift; path = "UITextField+Validation.swift"; sourceTree = "<group>"; };
		64385BF02641AAD1000E50B2 /* RegexItem.swift */ = {isa = PBXFileReference; lastKnownFileType = sourcecode.swift; path = RegexItem.swift; sourceTree = "<group>"; };
		648F1AD4263FE640007A5737 /* Combine Form Validation SwiftUI & UIKit.app */ = {isa = PBXFileReference; explicitFileType = wrapper.application; includeInIndex = 0; path = "Combine Form Validation SwiftUI & UIKit.app"; sourceTree = BUILT_PRODUCTS_DIR; };
		648F1AD7263FE640007A5737 /* AppDelegate.swift */ = {isa = PBXFileReference; lastKnownFileType = sourcecode.swift; path = AppDelegate.swift; sourceTree = "<group>"; };
		648F1AD9263FE640007A5737 /* SceneDelegate.swift */ = {isa = PBXFileReference; lastKnownFileType = sourcecode.swift; path = SceneDelegate.swift; sourceTree = "<group>"; };
		648F1ADB263FE640007A5737 /* ViewController.swift */ = {isa = PBXFileReference; lastKnownFileType = sourcecode.swift; path = ViewController.swift; sourceTree = "<group>"; };
		648F1ADE263FE640007A5737 /* Base */ = {isa = PBXFileReference; lastKnownFileType = file.storyboard; name = Base; path = Base.lproj/Main.storyboard; sourceTree = "<group>"; };
		648F1AE0263FE641007A5737 /* Assets.xcassets */ = {isa = PBXFileReference; lastKnownFileType = folder.assetcatalog; path = Assets.xcassets; sourceTree = "<group>"; };
		648F1AE3263FE641007A5737 /* Base */ = {isa = PBXFileReference; lastKnownFileType = file.storyboard; name = Base; path = Base.lproj/LaunchScreen.storyboard; sourceTree = "<group>"; };
		648F1AE5263FE641007A5737 /* Info.plist */ = {isa = PBXFileReference; lastKnownFileType = text.plist.xml; path = Info.plist; sourceTree = "<group>"; };
		648F1AED263FE82E007A5737 /* FormButtonCollectionViewCell.swift */ = {isa = PBXFileReference; lastKnownFileType = sourcecode.swift; path = FormButtonCollectionViewCell.swift; sourceTree = "<group>"; };
		648F1AF0263FE86D007A5737 /* UITableViewCell+Identifier.swift */ = {isa = PBXFileReference; lastKnownFileType = sourcecode.swift; path = "UITableViewCell+Identifier.swift"; sourceTree = "<group>"; };
		648F1AF2263FE98B007A5737 /* UITableViewCell+ReuseCleanUp.swift */ = {isa = PBXFileReference; lastKnownFileType = sourcecode.swift; path = "UITableViewCell+ReuseCleanUp.swift"; sourceTree = "<group>"; };
		648F1AF4263FEBA3007A5737 /* FormTextCollectionViewCell.swift */ = {isa = PBXFileReference; lastKnownFileType = sourcecode.swift; path = FormTextCollectionViewCell.swift; sourceTree = "<group>"; };
		648F1AF8263FF0EC007A5737 /* FormDateCollectionViewCell.swift */ = {isa = PBXFileReference; lastKnownFileType = sourcecode.swift; path = FormDateCollectionViewCell.swift; sourceTree = "<group>"; };
		648F1AFB263FF564007A5737 /* FormModel.swift */ = {isa = PBXFileReference; lastKnownFileType = sourcecode.swift; path = FormModel.swift; sourceTree = "<group>"; };
		648F1AFE263FFCE8007A5737 /* FormContentBuilder.swift */ = {isa = PBXFileReference; lastKnownFileType = sourcecode.swift; path = FormContentBuilder.swift; sourceTree = "<group>"; };
		648F1B01264008B8007A5737 /* FormCompositionalLayout.swift */ = {isa = PBXFileReference; lastKnownFileType = sourcecode.swift; path = FormCompositionalLayout.swift; sourceTree = "<group>"; };
/* End PBXFileReference section */

/* Begin PBXFrameworksBuildPhase section */
		648F1AD1263FE640007A5737 /* Frameworks */ = {
			isa = PBXFrameworksBuildPhase;
			buildActionMask = 2147483647;
			files = (
			);
			runOnlyForDeploymentPostprocessing = 0;
		};
/* End PBXFrameworksBuildPhase section */

/* Begin PBXGroup section */
		64385BEF2641AAA7000E50B2 /* Validation */ = {
			isa = PBXGroup;
			children = (
				64385BF02641AAD1000E50B2 /* RegexItem.swift */,
			);
			path = Validation;
			sourceTree = "<group>";
		};
		648F1ACB263FE640007A5737 = {
			isa = PBXGroup;
			children = (
				648F1AD6263FE640007A5737 /* Combine Form Validation SwiftUI & UIKit */,
				648F1AD5263FE640007A5737 /* Products */,
			);
			sourceTree = "<group>";
		};
		648F1AD5263FE640007A5737 /* Products */ = {
			isa = PBXGroup;
			children = (
				648F1AD4263FE640007A5737 /* Combine Form Validation SwiftUI & UIKit.app */,
			);
			name = Products;
			sourceTree = "<group>";
		};
		648F1AD6263FE640007A5737 /* Combine Form Validation SwiftUI & UIKit */ = {
			isa = PBXGroup;
			children = (
				64385BEF2641AAA7000E50B2 /* Validation */,
				648F1B002640089F007A5737 /* Layout */,
				648F1AFD263FFCD7007A5737 /* Builder */,
				648F1AFA263FF54A007A5737 /* Model */,
				648F1AEF263FE83C007A5737 /* Extension */,
				648F1AEC263FE812007A5737 /* Views */,
				648F1AD7263FE640007A5737 /* AppDelegate.swift */,
				648F1AD9263FE640007A5737 /* SceneDelegate.swift */,
				648F1ADB263FE640007A5737 /* ViewController.swift */,
				648F1ADD263FE640007A5737 /* Main.storyboard */,
				648F1AE0263FE641007A5737 /* Assets.xcassets */,
				648F1AE2263FE641007A5737 /* LaunchScreen.storyboard */,
				648F1AE5263FE641007A5737 /* Info.plist */,
			);
			path = "Combine Form Validation SwiftUI & UIKit";
			sourceTree = "<group>";
		};
		648F1AEC263FE812007A5737 /* Views */ = {
			isa = PBXGroup;
			children = (
				648F1AED263FE82E007A5737 /* FormButtonCollectionViewCell.swift */,
				648F1AF4263FEBA3007A5737 /* FormTextCollectionViewCell.swift */,
				648F1AF8263FF0EC007A5737 /* FormDateCollectionViewCell.swift */,
			);
			path = Views;
			sourceTree = "<group>";
		};
		648F1AEF263FE83C007A5737 /* Extension */ = {
			isa = PBXGroup;
			children = (
				648F1AF0263FE86D007A5737 /* UITableViewCell+Identifier.swift */,
				648F1AF2263FE98B007A5737 /* UITableViewCell+ReuseCleanUp.swift */,
				640BD47C264300CC00696245 /* UITextField+Validation.swift */,
			);
			path = Extension;
			sourceTree = "<group>";
		};
		648F1AFA263FF54A007A5737 /* Model */ = {
			isa = PBXGroup;
			children = (
				648F1AFB263FF564007A5737 /* FormModel.swift */,
			);
			path = Model;
			sourceTree = "<group>";
		};
		648F1AFD263FFCD7007A5737 /* Builder */ = {
			isa = PBXGroup;
			children = (
				648F1AFE263FFCE8007A5737 /* FormContentBuilder.swift */,
			);
			path = Builder;
			sourceTree = "<group>";
		};
		648F1B002640089F007A5737 /* Layout */ = {
			isa = PBXGroup;
			children = (
				648F1B01264008B8007A5737 /* FormCompositionalLayout.swift */,
			);
			path = Layout;
			sourceTree = "<group>";
		};
/* End PBXGroup section */

/* Begin PBXNativeTarget section */
		648F1AD3263FE640007A5737 /* Combine Form Validation SwiftUI & UIKit */ = {
			isa = PBXNativeTarget;
			buildConfigurationList = 648F1AE8263FE641007A5737 /* Build configuration list for PBXNativeTarget "Combine Form Validation SwiftUI & UIKit" */;
			buildPhases = (
				648F1AD0263FE640007A5737 /* Sources */,
				648F1AD1263FE640007A5737 /* Frameworks */,
				648F1AD2263FE640007A5737 /* Resources */,
			);
			buildRules = (
			);
			dependencies = (
			);
			name = "Combine Form Validation SwiftUI & UIKit";
			productName = "Combine Form Validation SwiftUI & UIKit";
			productReference = 648F1AD4263FE640007A5737 /* Combine Form Validation SwiftUI & UIKit.app */;
			productType = "com.apple.product-type.application";
		};
/* End PBXNativeTarget section */

/* Begin PBXProject section */
		648F1ACC263FE640007A5737 /* Project object */ = {
			isa = PBXProject;
			attributes = {
				LastSwiftUpdateCheck = 1250;
				LastUpgradeCheck = 1250;
				TargetAttributes = {
					648F1AD3263FE640007A5737 = {
						CreatedOnToolsVersion = 12.5;
					};
				};
			};
			buildConfigurationList = 648F1ACF263FE640007A5737 /* Build configuration list for PBXProject "Combine Form Validation SwiftUI & UIKit" */;
			compatibilityVersion = "Xcode 9.3";
			developmentRegion = en;
			hasScannedForEncodings = 0;
			knownRegions = (
				en,
				Base,
			);
			mainGroup = 648F1ACB263FE640007A5737;
			productRefGroup = 648F1AD5263FE640007A5737 /* Products */;
			projectDirPath = "";
			projectRoot = "";
			targets = (
				648F1AD3263FE640007A5737 /* Combine Form Validation SwiftUI & UIKit */,
			);
		};
/* End PBXProject section */

/* Begin PBXResourcesBuildPhase section */
		648F1AD2263FE640007A5737 /* Resources */ = {
			isa = PBXResourcesBuildPhase;
			buildActionMask = 2147483647;
			files = (
				648F1AE4263FE641007A5737 /* LaunchScreen.storyboard in Resources */,
				648F1AE1263FE641007A5737 /* Assets.xcassets in Resources */,
				648F1ADF263FE640007A5737 /* Main.storyboard in Resources */,
			);
			runOnlyForDeploymentPostprocessing = 0;
		};
/* End PBXResourcesBuildPhase section */

/* Begin PBXSourcesBuildPhase section */
		648F1AD0263FE640007A5737 /* Sources */ = {
			isa = PBXSourcesBuildPhase;
			buildActionMask = 2147483647;
			files = (
				648F1AF1263FE86D007A5737 /* UITableViewCell+Identifier.swift in Sources */,
				648F1ADC263FE640007A5737 /* ViewController.swift in Sources */,
				640BD47D264300CC00696245 /* UITextField+Validation.swift in Sources */,
				648F1AF5263FEBA3007A5737 /* FormTextCollectionViewCell.swift in Sources */,
				648F1B02264008B8007A5737 /* FormCompositionalLayout.swift in Sources */,
				648F1AFC263FF564007A5737 /* FormModel.swift in Sources */,
				648F1AF9263FF0EC007A5737 /* FormDateCollectionViewCell.swift in Sources */,
				648F1AEE263FE82E007A5737 /* FormButtonCollectionViewCell.swift in Sources */,
				648F1AF3263FE98B007A5737 /* UITableViewCell+ReuseCleanUp.swift in Sources */,
				64385BF12641AAD1000E50B2 /* RegexItem.swift in Sources */,
				648F1AFF263FFCE8007A5737 /* FormContentBuilder.swift in Sources */,
				648F1AD8263FE640007A5737 /* AppDelegate.swift in Sources */,
				648F1ADA263FE640007A5737 /* SceneDelegate.swift in Sources */,
			);
			runOnlyForDeploymentPostprocessing = 0;
		};
/* End PBXSourcesBuildPhase section */

/* Begin PBXVariantGroup section */
		648F1ADD263FE640007A5737 /* Main.storyboard */ = {
			isa = PBXVariantGroup;
			children = (
				648F1ADE263FE640007A5737 /* Base */,
			);
			name = Main.storyboard;
			sourceTree = "<group>";
		};
		648F1AE2263FE641007A5737 /* LaunchScreen.storyboard */ = {
			isa = PBXVariantGroup;
			children = (
				648F1AE3263FE641007A5737 /* Base */,
			);
			name = LaunchScreen.storyboard;
			sourceTree = "<group>";
		};
/* End PBXVariantGroup section */

/* Begin XCBuildConfiguration section */
		648F1AE6263FE641007A5737 /* Debug */ = {
			isa = XCBuildConfiguration;
			buildSettings = {
				ALWAYS_SEARCH_USER_PATHS = NO;
				CLANG_ANALYZER_NONNULL = YES;
				CLANG_ANALYZER_NUMBER_OBJECT_CONVERSION = YES_AGGRESSIVE;
				CLANG_CXX_LANGUAGE_STANDARD = "gnu++14";
				CLANG_CXX_LIBRARY = "libc++";
				CLANG_ENABLE_MODULES = YES;
				CLANG_ENABLE_OBJC_ARC = YES;
				CLANG_ENABLE_OBJC_WEAK = YES;
				CLANG_WARN_BLOCK_CAPTURE_AUTORELEASING = YES;
				CLANG_WARN_BOOL_CONVERSION = YES;
				CLANG_WARN_COMMA = YES;
				CLANG_WARN_CONSTANT_CONVERSION = YES;
				CLANG_WARN_DEPRECATED_OBJC_IMPLEMENTATIONS = YES;
				CLANG_WARN_DIRECT_OBJC_ISA_USAGE = YES_ERROR;
				CLANG_WARN_DOCUMENTATION_COMMENTS = YES;
				CLANG_WARN_EMPTY_BODY = YES;
				CLANG_WARN_ENUM_CONVERSION = YES;
				CLANG_WARN_INFINITE_RECURSION = YES;
				CLANG_WARN_INT_CONVERSION = YES;
				CLANG_WARN_NON_LITERAL_NULL_CONVERSION = YES;
				CLANG_WARN_OBJC_IMPLICIT_RETAIN_SELF = YES;
				CLANG_WARN_OBJC_LITERAL_CONVERSION = YES;
				CLANG_WARN_OBJC_ROOT_CLASS = YES_ERROR;
				CLANG_WARN_QUOTED_INCLUDE_IN_FRAMEWORK_HEADER = YES;
				CLANG_WARN_RANGE_LOOP_ANALYSIS = YES;
				CLANG_WARN_STRICT_PROTOTYPES = YES;
				CLANG_WARN_SUSPICIOUS_MOVE = YES;
				CLANG_WARN_UNGUARDED_AVAILABILITY = YES_AGGRESSIVE;
				CLANG_WARN_UNREACHABLE_CODE = YES;
				CLANG_WARN__DUPLICATE_METHOD_MATCH = YES;
				COPY_PHASE_STRIP = NO;
				DEBUG_INFORMATION_FORMAT = dwarf;
				ENABLE_STRICT_OBJC_MSGSEND = YES;
				ENABLE_TESTABILITY = YES;
				GCC_C_LANGUAGE_STANDARD = gnu11;
				GCC_DYNAMIC_NO_PIC = NO;
				GCC_NO_COMMON_BLOCKS = YES;
				GCC_OPTIMIZATION_LEVEL = 0;
				GCC_PREPROCESSOR_DEFINITIONS = (
					"DEBUG=1",
					"$(inherited)",
				);
				GCC_WARN_64_TO_32_BIT_CONVERSION = YES;
				GCC_WARN_ABOUT_RETURN_TYPE = YES_ERROR;
				GCC_WARN_UNDECLARED_SELECTOR = YES;
				GCC_WARN_UNINITIALIZED_AUTOS = YES_AGGRESSIVE;
				GCC_WARN_UNUSED_FUNCTION = YES;
				GCC_WARN_UNUSED_VARIABLE = YES;
				IPHONEOS_DEPLOYMENT_TARGET = 14.5;
				MTL_ENABLE_DEBUG_INFO = INCLUDE_SOURCE;
				MTL_FAST_MATH = YES;
				ONLY_ACTIVE_ARCH = YES;
				SDKROOT = iphoneos;
				SWIFT_ACTIVE_COMPILATION_CONDITIONS = DEBUG;
				SWIFT_OPTIMIZATION_LEVEL = "-Onone";
			};
			name = Debug;
		};
		648F1AE7263FE641007A5737 /* Release */ = {
			isa = XCBuildConfiguration;
			buildSettings = {
				ALWAYS_SEARCH_USER_PATHS = NO;
				CLANG_ANALYZER_NONNULL = YES;
				CLANG_ANALYZER_NUMBER_OBJECT_CONVERSION = YES_AGGRESSIVE;
				CLANG_CXX_LANGUAGE_STANDARD = "gnu++14";
				CLANG_CXX_LIBRARY = "libc++";
				CLANG_ENABLE_MODULES = YES;
				CLANG_ENABLE_OBJC_ARC = YES;
				CLANG_ENABLE_OBJC_WEAK = YES;
				CLANG_WARN_BLOCK_CAPTURE_AUTORELEASING = YES;
				CLANG_WARN_BOOL_CONVERSION = YES;
				CLANG_WARN_COMMA = YES;
				CLANG_WARN_CONSTANT_CONVERSION = YES;
				CLANG_WARN_DEPRECATED_OBJC_IMPLEMENTATIONS = YES;
				CLANG_WARN_DIRECT_OBJC_ISA_USAGE = YES_ERROR;
				CLANG_WARN_DOCUMENTATION_COMMENTS = YES;
				CLANG_WARN_EMPTY_BODY = YES;
				CLANG_WARN_ENUM_CONVERSION = YES;
				CLANG_WARN_INFINITE_RECURSION = YES;
				CLANG_WARN_INT_CONVERSION = YES;
				CLANG_WARN_NON_LITERAL_NULL_CONVERSION = YES;
				CLANG_WARN_OBJC_IMPLICIT_RETAIN_SELF = YES;
				CLANG_WARN_OBJC_LITERAL_CONVERSION = YES;
				CLANG_WARN_OBJC_ROOT_CLASS = YES_ERROR;
				CLANG_WARN_QUOTED_INCLUDE_IN_FRAMEWORK_HEADER = YES;
				CLANG_WARN_RANGE_LOOP_ANALYSIS = YES;
				CLANG_WARN_STRICT_PROTOTYPES = YES;
				CLANG_WARN_SUSPICIOUS_MOVE = YES;
				CLANG_WARN_UNGUARDED_AVAILABILITY = YES_AGGRESSIVE;
				CLANG_WARN_UNREACHABLE_CODE = YES;
				CLANG_WARN__DUPLICATE_METHOD_MATCH = YES;
				COPY_PHASE_STRIP = NO;
				DEBUG_INFORMATION_FORMAT = "dwarf-with-dsym";
				ENABLE_NS_ASSERTIONS = NO;
				ENABLE_STRICT_OBJC_MSGSEND = YES;
				GCC_C_LANGUAGE_STANDARD = gnu11;
				GCC_NO_COMMON_BLOCKS = YES;
				GCC_WARN_64_TO_32_BIT_CONVERSION = YES;
				GCC_WARN_ABOUT_RETURN_TYPE = YES_ERROR;
				GCC_WARN_UNDECLARED_SELECTOR = YES;
				GCC_WARN_UNINITIALIZED_AUTOS = YES_AGGRESSIVE;
				GCC_WARN_UNUSED_FUNCTION = YES;
				GCC_WARN_UNUSED_VARIABLE = YES;
				IPHONEOS_DEPLOYMENT_TARGET = 14.5;
				MTL_ENABLE_DEBUG_INFO = NO;
				MTL_FAST_MATH = YES;
				SDKROOT = iphoneos;
				SWIFT_COMPILATION_MODE = wholemodule;
				SWIFT_OPTIMIZATION_LEVEL = "-O";
				VALIDATE_PRODUCT = YES;
			};
			name = Release;
		};
		648F1AE9263FE641007A5737 /* Debug */ = {
			isa = XCBuildConfiguration;
			buildSettings = {
				ASSETCATALOG_COMPILER_APPICON_NAME = AppIcon;
				ASSETCATALOG_COMPILER_GLOBAL_ACCENT_COLOR_NAME = AccentColor;
				CODE_SIGN_STYLE = Automatic;
				INFOPLIST_FILE = "Combine Form Validation SwiftUI & UIKit/Info.plist";
				LD_RUNPATH_SEARCH_PATHS = (
					"$(inherited)",
					"@executable_path/Frameworks",
				);
				PRODUCT_BUNDLE_IDENTIFIER = "com.tundsdev.Combine-Form-Validation-SwiftUI---UIKit";
				PRODUCT_NAME = "$(TARGET_NAME)";
				SWIFT_VERSION = 5.0;
				TARGETED_DEVICE_FAMILY = "1,2";
			};
			name = Debug;
		};
		648F1AEA263FE641007A5737 /* Release */ = {
			isa = XCBuildConfiguration;
			buildSettings = {
				ASSETCATALOG_COMPILER_APPICON_NAME = AppIcon;
				ASSETCATALOG_COMPILER_GLOBAL_ACCENT_COLOR_NAME = AccentColor;
				CODE_SIGN_STYLE = Automatic;
				INFOPLIST_FILE = "Combine Form Validation SwiftUI & UIKit/Info.plist";
				LD_RUNPATH_SEARCH_PATHS = (
					"$(inherited)",
					"@executable_path/Frameworks",
				);
				PRODUCT_BUNDLE_IDENTIFIER = "com.tundsdev.Combine-Form-Validation-SwiftUI---UIKit";
				PRODUCT_NAME = "$(TARGET_NAME)";
				SWIFT_VERSION = 5.0;
				TARGETED_DEVICE_FAMILY = "1,2";
			};
			name = Release;
		};
/* End XCBuildConfiguration section */

/* Begin XCConfigurationList section */
		648F1ACF263FE640007A5737 /* Build configuration list for PBXProject "Combine Form Validation SwiftUI & UIKit" */ = {
			isa = XCConfigurationList;
			buildConfigurations = (
				648F1AE6263FE641007A5737 /* Debug */,
				648F1AE7263FE641007A5737 /* Release */,
			);
			defaultConfigurationIsVisible = 0;
			defaultConfigurationName = Release;
		};
		648F1AE8263FE641007A5737 /* Build configuration list for PBXNativeTarget "Combine Form Validation SwiftUI & UIKit" */ = {
			isa = XCConfigurationList;
			buildConfigurations = (
				648F1AE9263FE641007A5737 /* Debug */,
				648F1AEA263FE641007A5737 /* Release */,
			);
			defaultConfigurationIsVisible = 0;
			defaultConfigurationName = Release;
		};
/* End XCConfigurationList section */
	};
	rootObject = 648F1ACC263FE640007A5737 /* Project object */;
}
