// !$*UTF8*$!
{
	archiveVersion = 1;
	classes = {
	};
	objectVersion = 50;
	objects = {

/* Begin PBXBuildFile section */
		64621EFA262B24470083CB9A /* CommentsViewModel.swift in Sources */ = {isa = PBXBuildFile; fileRef = 64621EF9262B24470083CB9A /* CommentsViewModel.swift */; };
		64621F09262B64CC0083CB9A /* AccountViewModel.swift in Sources */ = {isa = PBXBuildFile; fileRef = 64621F08262B64CC0083CB9A /* AccountViewModel.swift */; };
		64621F0E262B68A90083CB9A /* UIViewController+Alert.swift in Sources */ = {isa = PBXBuildFile; fileRef = 64621F0D262B68A90083CB9A /* UIViewController+Alert.swift */; };
		64F976CE26261A7400103463 /* AppDelegate.swift in Sources */ = {isa = PBXBuildFile; fileRef = 64F976CD26261A7400103463 /* AppDelegate.swift */; };
		64F976D026261A7400103463 /* SceneDelegate.swift in Sources */ = {isa = PBXBuildFile; fileRef = 64F976CF26261A7400103463 /* SceneDelegate.swift */; };
		64F976D226261A7400103463 /* ViewController.swift in Sources */ = {isa = PBXBuildFile; fileRef = 64F976D126261A7400103463 /* ViewController.swift */; };
		64F976D526261A7400103463 /* Main.storyboard in Resources */ = {isa = PBXBuildFile; fileRef = 64F976D326261A7400103463 /* Main.storyboard */; };
		64F976D726261A7400103463 /* Assets.xcassets in Resources */ = {isa = PBXBuildFile; fileRef = 64F976D626261A7400103463 /* Assets.xcassets */; };
		64F976DA26261A7400103463 /* LaunchScreen.storyboard in Resources */ = {isa = PBXBuildFile; fileRef = 64F976D826261A7400103463 /* LaunchScreen.storyboard */; };
/* End PBXBuildFile section */

/* Begin PBXFileReference section */
		64621EF6262AE45D0083CB9A /* PassthroughSubjects.playground */ = {isa = PBXFileReference; lastKnownFileType = file.playground; path = PassthroughSubjects.playground; sourceTree = "<group>"; xcLanguageSpecificationIdentifier = xcode.lang.swift; };
		64621EF9262B24470083CB9A /* CommentsViewModel.swift */ = {isa = PBXFileReference; lastKnownFileType = sourcecode.swift; path = CommentsViewModel.swift; sourceTree = "<group>"; };
		64621F08262B64CC0083CB9A /* AccountViewModel.swift */ = {isa = PBXFileReference; lastKnownFileType = sourcecode.swift; path = AccountViewModel.swift; sourceTree = "<group>"; };
		64621F0D262B68A90083CB9A /* UIViewController+Alert.swift */ = {isa = PBXFileReference; lastKnownFileType = sourcecode.swift; path = "UIViewController+Alert.swift"; sourceTree = "<group>"; };
		64F976CA26261A7400103463 /* PassthroughSubjects.app */ = {isa = PBXFileReference; explicitFileType = wrapper.application; includeInIndex = 0; path = PassthroughSubjects.app; sourceTree = BUILT_PRODUCTS_DIR; };
		64F976CD26261A7400103463 /* AppDelegate.swift */ = {isa = PBXFileReference; lastKnownFileType = sourcecode.swift; path = AppDelegate.swift; sourceTree = "<group>"; };
		64F976CF26261A7400103463 /* SceneDelegate.swift */ = {isa = PBXFileReference; lastKnownFileType = sourcecode.swift; path = SceneDelegate.swift; sourceTree = "<group>"; };
		64F976D126261A7400103463 /* ViewController.swift */ = {isa = PBXFileReference; lastKnownFileType = sourcecode.swift; path = ViewController.swift; sourceTree = "<group>"; };
		64F976D426261A7400103463 /* Base */ = {isa = PBXFileReference; lastKnownFileType = file.storyboard; name = Base; path = Base.lproj/Main.storyboard; sourceTree = "<group>"; };
		64F976D626261A7400103463 /* Assets.xcassets */ = {isa = PBXFileReference; lastKnownFileType = folder.assetcatalog; path = Assets.xcassets; sourceTree = "<group>"; };
		64F976D926261A7400103463 /* Base */ = {isa = PBXFileReference; lastKnownFileType = file.storyboard; name = Base; path = Base.lproj/LaunchScreen.storyboard; sourceTree = "<group>"; };
		64F976DB26261A7400103463 /* Info.plist */ = {isa = PBXFileReference; lastKnownFileType = text.plist.xml; path = Info.plist; sourceTree = "<group>"; };
/* End PBXFileReference section */

/* Begin PBXFrameworksBuildPhase section */
		64F976C726261A7400103463 /* Frameworks */ = {
			isa = PBXFrameworksBuildPhase;
			buildActionMask = 2147483647;
			files = (
			);
			runOnlyForDeploymentPostprocessing = 0;
		};
/* End PBXFrameworksBuildPhase section */

/* Begin PBXGroup section */
		64621EF8262B24250083CB9A /* ViewModel */ = {
			isa = PBXGroup;
			children = (
				64621EF9262B24470083CB9A /* CommentsViewModel.swift */,
				64621F08262B64CC0083CB9A /* AccountViewModel.swift */,
			);
			path = ViewModel;
			sourceTree = "<group>";
		};
		64621F0C262B689B0083CB9A /* Extensions */ = {
			isa = PBXGroup;
			children = (
				64621F0D262B68A90083CB9A /* UIViewController+Alert.swift */,
			);
			path = Extensions;
			sourceTree = "<group>";
		};
		64F976C126261A7300103463 = {
			isa = PBXGroup;
			children = (
				64F976CC26261A7400103463 /* PassthroughSubjects */,
				64F976CB26261A7400103463 /* Products */,
			);
			sourceTree = "<group>";
		};
		64F976CB26261A7400103463 /* Products */ = {
			isa = PBXGroup;
			children = (
				64F976CA26261A7400103463 /* PassthroughSubjects.app */,
			);
			name = Products;
			sourceTree = "<group>";
		};
		64F976CC26261A7400103463 /* PassthroughSubjects */ = {
			isa = PBXGroup;
			children = (
				64621F0C262B689B0083CB9A /* Extensions */,
				64621EF8262B24250083CB9A /* ViewModel */,
				64F976CD26261A7400103463 /* AppDelegate.swift */,
				64F976CF26261A7400103463 /* SceneDelegate.swift */,
				64F976D126261A7400103463 /* ViewController.swift */,
				64F976D326261A7400103463 /* Main.storyboard */,
				64F976D626261A7400103463 /* Assets.xcassets */,
				64F976D826261A7400103463 /* LaunchScreen.storyboard */,
				64F976DB26261A7400103463 /* Info.plist */,
				64621EF6262AE45D0083CB9A /* PassthroughSubjects.playground */,
			);
			path = PassthroughSubjects;
			sourceTree = "<group>";
		};
/* End PBXGroup section */

/* Begin PBXNativeTarget section */
		64F976C926261A7400103463 /* PassthroughSubjects */ = {
			isa = PBXNativeTarget;
			buildConfigurationList = 64F976DE26261A7400103463 /* Build configuration list for PBXNativeTarget "PassthroughSubjects" */;
			buildPhases = (
				64F976C626261A7400103463 /* Sources */,
				64F976C726261A7400103463 /* Frameworks */,
				64F976C826261A7400103463 /* Resources */,
			);
			buildRules = (
			);
			dependencies = (
			);
			name = PassthroughSubjects;
			packageProductDependencies = (
			);
			productName = PassthroughSubjects;
			productReference = 64F976CA26261A7400103463 /* PassthroughSubjects.app */;
			productType = "com.apple.product-type.application";
		};
/* End PBXNativeTarget section */

/* Begin PBXProject section */
		64F976C226261A7300103463 /* Project object */ = {
			isa = PBXProject;
			attributes = {
				LastSwiftUpdateCheck = 1240;
				LastUpgradeCheck = 1240;
				TargetAttributes = {
					64F976C926261A7400103463 = {
						CreatedOnToolsVersion = 12.4;
					};
				};
			};
			buildConfigurationList = 64F976C526261A7300103463 /* Build configuration list for PBXProject "PassthroughSubjects" */;
			compatibilityVersion = "Xcode 9.3";
			developmentRegion = en;
			hasScannedForEncodings = 0;
			knownRegions = (
				en,
				Base,
			);
			mainGroup = 64F976C126261A7300103463;
			packageReferences = (
			);
			productRefGroup = 64F976CB26261A7400103463 /* Products */;
			projectDirPath = "";
			projectRoot = "";
			targets = (
				64F976C926261A7400103463 /* PassthroughSubjects */,
			);
		};
/* End PBXProject section */

/* Begin PBXResourcesBuildPhase section */
		64F976C826261A7400103463 /* Resources */ = {
			isa = PBXResourcesBuildPhase;
			buildActionMask = 2147483647;
			files = (
				64F976DA26261A7400103463 /* LaunchScreen.storyboard in Resources */,
				64F976D726261A7400103463 /* Assets.xcassets in Resources */,
				64F976D526261A7400103463 /* Main.storyboard in Resources */,
			);
			runOnlyForDeploymentPostprocessing = 0;
		};
/* End PBXResourcesBuildPhase section */

/* Begin PBXSourcesBuildPhase section */
		64F976C626261A7400103463 /* Sources */ = {
			isa = PBXSourcesBuildPhase;
			buildActionMask = 2147483647;
			files = (
				64621EFA262B24470083CB9A /* CommentsViewModel.swift in Sources */,
				64F976D226261A7400103463 /* ViewController.swift in Sources */,
				64621F09262B64CC0083CB9A /* AccountViewModel.swift in Sources */,
				64F976CE26261A7400103463 /* AppDelegate.swift in Sources */,
				64F976D026261A7400103463 /* SceneDelegate.swift in Sources */,
				64621F0E262B68A90083CB9A /* UIViewController+Alert.swift in Sources */,
			);
			runOnlyForDeploymentPostprocessing = 0;
		};
/* End PBXSourcesBuildPhase section */

/* Begin PBXVariantGroup section */
		64F976D326261A7400103463 /* Main.storyboard */ = {
			isa = PBXVariantGroup;
			children = (
				64F976D426261A7400103463 /* Base */,
			);
			name = Main.storyboard;
			sourceTree = "<group>";
		};
		64F976D826261A7400103463 /* LaunchScreen.storyboard */ = {
			isa = PBXVariantGroup;
			children = (
				64F976D926261A7400103463 /* Base */,
			);
			name = LaunchScreen.storyboard;
			sourceTree = "<group>";
		};
/* End PBXVariantGroup section */

/* Begin XCBuildConfiguration section */
		64F976DC26261A7400103463 /* Debug */ = {
			isa = XCBuildConfiguration;
			buildSettings = {
				ALWAYS_SEARCH_USER_PATHS = NO;
				CLANG_ANALYZER_NONNULL = YES;
				CLANG_ANALYZER_NUMBER_OBJECT_CONVERSION = YES_AGGRESSIVE;
				CLANG_CXX_LANGUAGE_STANDARD = "gnu++14";
				CLANG_CXX_LIBRARY = "libc++";
				CLANG_ENABLE_MODULES = YES;
				CLANG_ENABLE_OBJC_ARC = YES;
				CLANG_ENABLE_OBJC_WEAK = YES;
				CLANG_WARN_BLOCK_CAPTURE_AUTORELEASING = YES;
				CLANG_WARN_BOOL_CONVERSION = YES;
				CLANG_WARN_COMMA = YES;
				CLANG_WARN_CONSTANT_CONVERSION = YES;
				CLANG_WARN_DEPRECATED_OBJC_IMPLEMENTATIONS = YES;
				CLANG_WARN_DIRECT_OBJC_ISA_USAGE = YES_ERROR;
				CLANG_WARN_DOCUMENTATION_COMMENTS = YES;
				CLANG_WARN_EMPTY_BODY = YES;
				CLANG_WARN_ENUM_CONVERSION = YES;
				CLANG_WARN_INFINITE_RECURSION = YES;
				CLANG_WARN_INT_CONVERSION = YES;
				CLANG_WARN_NON_LITERAL_NULL_CONVERSION = YES;
				CLANG_WARN_OBJC_IMPLICIT_RETAIN_SELF = YES;
				CLANG_WARN_OBJC_LITERAL_CONVERSION = YES;
				CLANG_WARN_OBJC_ROOT_CLASS = YES_ERROR;
				CLANG_WARN_QUOTED_INCLUDE_IN_FRAMEWORK_HEADER = YES;
				CLANG_WARN_RANGE_LOOP_ANALYSIS = YES;
				CLANG_WARN_STRICT_PROTOTYPES = YES;
				CLANG_WARN_SUSPICIOUS_MOVE = YES;
				CLANG_WARN_UNGUARDED_AVAILABILITY = YES_AGGRESSIVE;
				CLANG_WARN_UNREACHABLE_CODE = YES;
				CLANG_WARN__DUPLICATE_METHOD_MATCH = YES;
				COPY_PHASE_STRIP = NO;
				DEBUG_INFORMATION_FORMAT = dwarf;
				ENABLE_STRICT_OBJC_MSGSEND = YES;
				ENABLE_TESTABILITY = YES;
				GCC_C_LANGUAGE_STANDARD = gnu11;
				GCC_DYNAMIC_NO_PIC = NO;
				GCC_NO_COMMON_BLOCKS = YES;
				GCC_OPTIMIZATION_LEVEL = 0;
				GCC_PREPROCESSOR_DEFINITIONS = (
					"DEBUG=1",
					"$(inherited)",
				);
				GCC_WARN_64_TO_32_BIT_CONVERSION = YES;
				GCC_WARN_ABOUT_RETURN_TYPE = YES_ERROR;
				GCC_WARN_UNDECLARED_SELECTOR = YES;
				GCC_WARN_UNINITIALIZED_AUTOS = YES_AGGRESSIVE;
				GCC_WARN_UNUSED_FUNCTION = YES;
				GCC_WARN_UNUSED_VARIABLE = YES;
				IPHONEOS_DEPLOYMENT_TARGET = 14.4;
				MTL_ENABLE_DEBUG_INFO = INCLUDE_SOURCE;
				MTL_FAST_MATH = YES;
				ONLY_ACTIVE_ARCH = YES;
				SDKROOT = iphoneos;
				SWIFT_ACTIVE_COMPILATION_CONDITIONS = DEBUG;
				SWIFT_OPTIMIZATION_LEVEL = "-Onone";
			};
			name = Debug;
		};
		64F976DD26261A7400103463 /* Release */ = {
			isa = XCBuildConfiguration;
			buildSettings = {
				ALWAYS_SEARCH_USER_PATHS = NO;
				CLANG_ANALYZER_NONNULL = YES;
				CLANG_ANALYZER_NUMBER_OBJECT_CONVERSION = YES_AGGRESSIVE;
				CLANG_CXX_LANGUAGE_STANDARD = "gnu++14";
				CLANG_CXX_LIBRARY = "libc++";
				CLANG_ENABLE_MODULES = YES;
				CLANG_ENABLE_OBJC_ARC = YES;
				CLANG_ENABLE_OBJC_WEAK = YES;
				CLANG_WARN_BLOCK_CAPTURE_AUTORELEASING = YES;
				CLANG_WARN_BOOL_CONVERSION = YES;
				CLANG_WARN_COMMA = YES;
				CLANG_WARN_CONSTANT_CONVERSION = YES;
				CLANG_WARN_DEPRECATED_OBJC_IMPLEMENTATIONS = YES;
				CLANG_WARN_DIRECT_OBJC_ISA_USAGE = YES_ERROR;
				CLANG_WARN_DOCUMENTATION_COMMENTS = YES;
				CLANG_WARN_EMPTY_BODY = YES;
				CLANG_WARN_ENUM_CONVERSION = YES;
				CLANG_WARN_INFINITE_RECURSION = YES;
				CLANG_WARN_INT_CONVERSION = YES;
				CLANG_WARN_NON_LITERAL_NULL_CONVERSION = YES;
				CLANG_WARN_OBJC_IMPLICIT_RETAIN_SELF = YES;
				CLANG_WARN_OBJC_LITERAL_CONVERSION = YES;
				CLANG_WARN_OBJC_ROOT_CLASS = YES_ERROR;
				CLANG_WARN_QUOTED_INCLUDE_IN_FRAMEWORK_HEADER = YES;
				CLANG_WARN_RANGE_LOOP_ANALYSIS = YES;
				CLANG_WARN_STRICT_PROTOTYPES = YES;
				CLANG_WARN_SUSPICIOUS_MOVE = YES;
				CLANG_WARN_UNGUARDED_AVAILABILITY = YES_AGGRESSIVE;
				CLANG_WARN_UNREACHABLE_CODE = YES;
				CLANG_WARN__DUPLICATE_METHOD_MATCH = YES;
				COPY_PHASE_STRIP = NO;
				DEBUG_INFORMATION_FORMAT = "dwarf-with-dsym";
				ENABLE_NS_ASSERTIONS = NO;
				ENABLE_STRICT_OBJC_MSGSEND = YES;
				GCC_C_LANGUAGE_STANDARD = gnu11;
				GCC_NO_COMMON_BLOCKS = YES;
				GCC_WARN_64_TO_32_BIT_CONVERSION = YES;
				GCC_WARN_ABOUT_RETURN_TYPE = YES_ERROR;
				GCC_WARN_UNDECLARED_SELECTOR = YES;
				GCC_WARN_UNINITIALIZED_AUTOS = YES_AGGRESSIVE;
				GCC_WARN_UNUSED_FUNCTION = YES;
				GCC_WARN_UNUSED_VARIABLE = YES;
				IPHONEOS_DEPLOYMENT_TARGET = 14.4;
				MTL_ENABLE_DEBUG_INFO = NO;
				MTL_FAST_MATH = YES;
				SDKROOT = iphoneos;
				SWIFT_COMPILATION_MODE = wholemodule;
				SWIFT_OPTIMIZATION_LEVEL = "-O";
				VALIDATE_PRODUCT = YES;
			};
			name = Release;
		};
		64F976DF26261A7400103463 /* Debug */ = {
			isa = XCBuildConfiguration;
			buildSettings = {
				ASSETCATALOG_COMPILER_APPICON_NAME = AppIcon;
				ASSETCATALOG_COMPILER_GLOBAL_ACCENT_COLOR_NAME = AccentColor;
				CODE_SIGN_STYLE = Automatic;
				INFOPLIST_FILE = PassthroughSubjects/Info.plist;
				LD_RUNPATH_SEARCH_PATHS = (
					"$(inherited)",
					"@executable_path/Frameworks",
				);
				PRODUCT_BUNDLE_IDENTIFIER = com.tundsdev.PassthroughSubjects;
				PRODUCT_NAME = "$(TARGET_NAME)";
				SWIFT_VERSION = 5.0;
				TARGETED_DEVICE_FAMILY = "1,2";
			};
			name = Debug;
		};
		64F976E026261A7400103463 /* Release */ = {
			isa = XCBuildConfiguration;
			buildSettings = {
				ASSETCATALOG_COMPILER_APPICON_NAME = AppIcon;
				ASSETCATALOG_COMPILER_GLOBAL_ACCENT_COLOR_NAME = AccentColor;
				CODE_SIGN_STYLE = Automatic;
				INFOPLIST_FILE = PassthroughSubjects/Info.plist;
				LD_RUNPATH_SEARCH_PATHS = (
					"$(inherited)",
					"@executable_path/Frameworks",
				);
				PRODUCT_BUNDLE_IDENTIFIER = com.tundsdev.PassthroughSubjects;
				PRODUCT_NAME = "$(TARGET_NAME)";
				SWIFT_VERSION = 5.0;
				TARGETED_DEVICE_FAMILY = "1,2";
			};
			name = Release;
		};
/* End XCBuildConfiguration section */

/* Begin XCConfigurationList section */
		64F976C526261A7300103463 /* Build configuration list for PBXProject "PassthroughSubjects" */ = {
			isa = XCConfigurationList;
			buildConfigurations = (
				64F976DC26261A7400103463 /* Debug */,
				64F976DD26261A7400103463 /* Release */,
			);
			defaultConfigurationIsVisible = 0;
			defaultConfigurationName = Release;
		};
		64F976DE26261A7400103463 /* Build configuration list for PBXNativeTarget "PassthroughSubjects" */ = {
			isa = XCConfigurationList;
			buildConfigurations = (
				64F976DF26261A7400103463 /* Debug */,
				64F976E026261A7400103463 /* Release */,
			);
			defaultConfigurationIsVisible = 0;
			defaultConfigurationName = Release;
		};
/* End XCConfigurationList section */
	};
	rootObject = 64F976C226261A7300103463 /* Project object */;
}
